{
  "version": 4,
  "terraform_version": "1.7.4",
  "serial": 27,
  "lineage": "5bcb086a-e30b-d20f-14a0-40af42336a86",
  "outputs": {
    "external_ip_address_vm_1": {
      "value": "158.160.126.3",
      "type": "string"
    },
    "internal_ip_address_vm_1": {
      "value": "192.168.10.18",
      "type": "string"
    }
  },
  "resources": [
    {
      "mode": "data",
      "type": "yandex_compute_image",
      "name": "my-ubuntu-2004-1",
      "provider": "provider[\"registry.terraform.io/yandex-cloud/yandex\"]",
      "instances": [
        {
          "schema_version": 0,
          "attributes": {
            "created_at": "2024-03-25T10:58:12Z",
            "description": "ubuntu 20.04 lts",
            "family": "ubuntu-2004-lts",
            "folder_id": "standard-images",
            "id": "fd8si6gmot2u7jc6j386",
            "image_id": "fd8si6gmot2u7jc6j386",
            "labels": {},
            "min_disk_size": 5,
            "name": "ubuntu-20-04-lts-v20240325",
            "os_type": "linux",
            "pooled": true,
            "product_ids": [
              "f2eao7bu30lc4htm4gjo"
            ],
            "size": 4,
            "status": "ready"
          },
          "sensitive_attributes": []
        }
      ]
    },
    {
      "mode": "managed",
      "type": "yandex_compute_instance",
      "name": "my-vm-1",
      "provider": "provider[\"registry.terraform.io/yandex-cloud/yandex\"]",
      "instances": [
        {
          "schema_version": 1,
          "attributes": {
            "allow_recreate": null,
            "allow_stopping_for_update": null,
            "boot_disk": [
              {
                "auto_delete": true,
                "device_name": "fhmms94o8hl4l055b9vp",
                "disk_id": "fhmms94o8hl4l055b9vp",
                "initialize_params": [
                  {
                    "block_size": 4096,
                    "description": "",
                    "image_id": "fd8si6gmot2u7jc6j386",
                    "name": "",
                    "size": 5,
                    "snapshot_id": "",
                    "type": "network-hdd"
                  }
                ],
                "mode": "READ_WRITE"
              }
            ],
            "created_at": "2024-03-25T11:09:39Z",
            "description": "",
            "filesystem": [],
            "folder_id": "b1gll2nhfrs5p692nmiq",
            "fqdn": "fhm6s8e7ae4vhlmsp8of.auto.internal",
            "gpu_cluster_id": "",
            "hostname": "",
            "id": "fhm6s8e7ae4vhlmsp8of",
            "labels": null,
            "local_disk": [],
            "maintenance_grace_period": "",
            "maintenance_policy": null,
            "metadata": {
              "ssh-keys": "ubuntu:ssh-rsa AAAAB3NzaC1yc2EAAAADAQABAAABgQDpJ4cG0LJg3gsWEbDskEQ77vScuLLRJ3S/Oh0YA0osa4iorNzdF6SPfwaQ/YQ0Ci8zGsfAPuIgh5/USoVrMsV3KIsBa066HpqQ1mNfTYG6QES7Cu90thUOoroMCCv8nc/eebN00p0HXZRwsiCc22o+a9s5OdcXgb8UtFXtIxqycrHRHgVMzVHCS23ZffakpnzTKbpJXx0XwUF0YtHYz79kVR+u/ZdQ3gwiQoVPaI2Qq7MhoXvBT/mBrff25bm4dofvv0IgdK8bgWHMwvH0eUxc2n2lLk4mZeo2G5XWc10weWXG4UJCxTGLA45uLSMaIEOe9wJwdEhd3jmixMu4d/90SvNjRtRxrMMYwPdNPaoGVIfvqNlrXcwd2nd7la0fuL0ptB1SgKVOOp+/9jFvSNTC5I73FvDLNtSUGem4XtUc0o7AaPFJhvPhLkkoDZcYAXOQ5w16bigCbvWFSYbGbNuZfpuCifj/L+/2TKr+xGLEJEcy2W97l/cVxdTVCexv3m8= name@name\n"
            },
            "metadata_options": [
              {
                "aws_v1_http_endpoint": 1,
                "aws_v1_http_token": 2,
                "gce_http_endpoint": 1,
                "gce_http_token": 1
              }
            ],
            "name": "test-vm-1",
            "network_acceleration_type": "standard",
            "network_interface": [
              {
                "dns_record": [],
                "index": 0,
                "ip_address": "192.168.10.18",
                "ipv4": true,
                "ipv6": false,
                "ipv6_address": "",
                "ipv6_dns_record": [],
                "mac_address": "d0:0d:6e:21:c7:53",
                "nat": true,
                "nat_dns_record": [],
                "nat_ip_address": "158.160.126.3",
                "nat_ip_version": "IPV4",
                "security_group_ids": [],
                "subnet_id": "e9bkhc1nnsdh9c3e3iq9"
              }
            ],
            "placement_policy": [
              {
                "host_affinity_rules": [],
                "placement_group_id": "",
                "placement_group_partition": 0
              }
            ],
            "platform_id": "standard-v2",
            "resources": [
              {
                "core_fraction": 100,
                "cores": 2,
                "gpus": 0,
                "memory": 2
              }
            ],
            "scheduling_policy": [
              {
                "preemptible": false
              }
            ],
            "secondary_disk": [],
            "service_account_id": "",
            "status": "running",
            "timeouts": null,
            "zone": "ru-central1-a"
          },
          "sensitive_attributes": [],
          "private": "eyJlMmJmYjczMC1lY2FhLTExZTYtOGY4OC0zNDM2M2JjN2M0YzAiOnsiY3JlYXRlIjozMDAwMDAwMDAwMDAsImRlbGV0ZSI6MzAwMDAwMDAwMDAwLCJ1cGRhdGUiOjMwMDAwMDAwMDAwMH0sInNjaGVtYV92ZXJzaW9uIjoiMSJ9",
          "dependencies": [
            "data.yandex_compute_image.my-ubuntu-2004-1",
            "yandex_vpc_network.my-nw-1",
            "yandex_vpc_subnet.my-sn-1"
          ]
        }
      ]
    },
    {
      "mode": "managed",
      "type": "yandex_vpc_network",
      "name": "my-nw-1",
      "provider": "provider[\"registry.terraform.io/yandex-cloud/yandex\"]",
      "instances": [
        {
          "schema_version": 0,
          "attributes": {
            "created_at": "2024-03-25T11:09:34Z",
            "default_security_group_id": "enplsf2c0c42cl2gbmi1",
            "description": "",
            "folder_id": "b1gll2nhfrs5p692nmiq",
            "id": "enp35dgenb252q6lp6ig",
            "labels": {},
            "name": "my-nw-1",
            "subnet_ids": [],
            "timeouts": null
          },
          "sensitive_attributes": [],
          "private": "eyJlMmJmYjczMC1lY2FhLTExZTYtOGY4OC0zNDM2M2JjN2M0YzAiOnsiY3JlYXRlIjo2MDAwMDAwMDAwMCwiZGVsZXRlIjo2MDAwMDAwMDAwMCwidXBkYXRlIjo2MDAwMDAwMDAwMH19"
        }
      ]
    },
    {
      "mode": "managed",
      "type": "yandex_vpc_subnet",
      "name": "my-sn-1",
      "provider": "provider[\"registry.terraform.io/yandex-cloud/yandex\"]",
      "instances": [
        {
          "schema_version": 0,
          "attributes": {
            "created_at": "2024-03-25T11:09:37Z",
            "description": "",
            "dhcp_options": [],
            "folder_id": "b1gll2nhfrs5p692nmiq",
            "id": "e9bkhc1nnsdh9c3e3iq9",
            "labels": {},
            "name": "",
            "network_id": "enp35dgenb252q6lp6ig",
            "route_table_id": "",
            "timeouts": null,
            "v4_cidr_blocks": [
              "192.168.10.0/24"
            ],
            "v6_cidr_blocks": [],
            "zone": "ru-central1-a"
          },
          "sensitive_attributes": [],
          "private": "eyJlMmJmYjczMC1lY2FhLTExZTYtOGY4OC0zNDM2M2JjN2M0YzAiOnsiY3JlYXRlIjoxODAwMDAwMDAwMDAsImRlbGV0ZSI6MTgwMDAwMDAwMDAwLCJ1cGRhdGUiOjE4MDAwMDAwMDAwMH19",
          "dependencies": [
            "yandex_vpc_network.my-nw-1"
          ]
        }
      ]
    }
  ],
  "check_results": null
}
