{
  "version": 4,
  "terraform_version": "1.7.4",
  "serial": 31,
  "lineage": "5bcb086a-e30b-d20f-14a0-40af42336a86",
  "outputs": {
    "external_ip_address_vm_1": {
      "value": "178.154.224.109",
      "type": "string"
    },
    "internal_ip_address_vm_1": {
      "value": "192.168.10.4",
      "type": "string"
    }
  },
  "resources": [
    {
      "mode": "data",
      "type": "yandex_compute_image",
      "name": "my-ubuntu-2004-1",
      "provider": "provider[\"registry.terraform.io/yandex-cloud/yandex\"]",
      "instances": [
        {
          "schema_version": 0,
          "attributes": {
            "created_at": "2024-03-25T10:58:12Z",
            "description": "ubuntu 20.04 lts",
            "family": "ubuntu-2004-lts",
            "folder_id": "standard-images",
            "id": "fd8si6gmot2u7jc6j386",
            "image_id": "fd8si6gmot2u7jc6j386",
            "labels": {},
            "min_disk_size": 5,
            "name": "ubuntu-20-04-lts-v20240325",
            "os_type": "linux",
            "pooled": true,
            "product_ids": [
              "f2eao7bu30lc4htm4gjo"
            ],
            "size": 4,
            "status": "ready"
          },
          "sensitive_attributes": []
        }
      ]
    },
    {
      "mode": "managed",
      "type": "yandex_compute_instance",
      "name": "my-vm-1",
      "provider": "provider[\"registry.terraform.io/yandex-cloud/yandex\"]",
      "instances": [
        {
          "schema_version": 1,
          "attributes": {
            "allow_recreate": null,
            "allow_stopping_for_update": null,
            "boot_disk": [
              {
                "auto_delete": true,
                "device_name": "fhmn6gi8qqpihmnqmmr6",
                "disk_id": "fhmn6gi8qqpihmnqmmr6",
                "initialize_params": [
                  {
                    "block_size": 4096,
                    "description": "",
                    "image_id": "fd8si6gmot2u7jc6j386",
                    "name": "",
                    "size": 5,
                    "snapshot_id": "",
                    "type": "network-hdd"
                  }
                ],
                "mode": "READ_WRITE"
              }
            ],
            "created_at": "2024-03-25T11:32:53Z",
            "description": "",
            "filesystem": [],
            "folder_id": "b1gll2nhfrs5p692nmiq",
            "fqdn": "fhmplfh5q7893du2stg0.auto.internal",
            "gpu_cluster_id": "",
            "hostname": "",
            "id": "fhmplfh5q7893du2stg0",
            "labels": null,
            "local_disk": [],
            "maintenance_grace_period": "",
            "maintenance_policy": null,
            "metadata": {
              "ssh-keys": "ubuntu:ssh-rsa AAAAB3NzaC1yc2EAAAADAQABAAABgQCdT31Q5kVrzc0Gyn4eRkp603NwRbo8y+GoZREKFdKfXvW9anYyH18za7RLotRqqWFYhzXgv383Hg3gx4ZooYWgXvtxbrPQtVOUkPTiaVKLOBGF4yhomdBHWnIneEG5N2Z4Ps0URZx2tCPhrz5frAFBJ96xTK0N81WVWtT/Ppzhk+tkc2AOzAXTC/nyfoJgXr5A/aNpTRoIfrxvyRiqgmfsrUge5yzq31/voLA8oM71dT+gv2aDTWpFjgK2SD91yN10tgOtaV44QC+JxvP8DysnduZpHtzcmHSLUFIh/2ZUN22e3NjvnBI82eKYQigPkW+qbeOTdDdXR8DSTpfgG7nGIuso9LLjG4ctNkpqLmBq21JQb16o/T/8f49wn6GNUVeyIptbGwamghellpgv2CRxV/BHSs/VCyrJ10uPAC50m5tpShtNSdNhmMiDb4R6vmAaOCUqm3fRMBVhkDCqILQsIb0hgw77GmtJTPCJ2q6XB0oaGXU2sRuSXbQSgmUkDWc= name@name\n"
            },
            "metadata_options": [
              {
                "aws_v1_http_endpoint": 1,
                "aws_v1_http_token": 2,
                "gce_http_endpoint": 1,
                "gce_http_token": 1
              }
            ],
            "name": "test-vm-1",
            "network_acceleration_type": "standard",
            "network_interface": [
              {
                "dns_record": [],
                "index": 0,
                "ip_address": "192.168.10.4",
                "ipv4": true,
                "ipv6": false,
                "ipv6_address": "",
                "ipv6_dns_record": [],
                "mac_address": "d0:0d:19:ab:e2:5d",
                "nat": true,
                "nat_dns_record": [],
                "nat_ip_address": "178.154.224.109",
                "nat_ip_version": "IPV4",
                "security_group_ids": [],
                "subnet_id": "e9bqr8mmfpg9bunj7i95"
              }
            ],
            "placement_policy": [
              {
                "host_affinity_rules": [],
                "placement_group_id": "",
                "placement_group_partition": 0
              }
            ],
            "platform_id": "standard-v2",
            "resources": [
              {
                "core_fraction": 100,
                "cores": 2,
                "gpus": 0,
                "memory": 2
              }
            ],
            "scheduling_policy": [
              {
                "preemptible": false
              }
            ],
            "secondary_disk": [],
            "service_account_id": "",
            "status": "running",
            "timeouts": null,
            "zone": "ru-central1-a"
          },
          "sensitive_attributes": [],
          "private": "eyJlMmJmYjczMC1lY2FhLTExZTYtOGY4OC0zNDM2M2JjN2M0YzAiOnsiY3JlYXRlIjozMDAwMDAwMDAwMDAsImRlbGV0ZSI6MzAwMDAwMDAwMDAwLCJ1cGRhdGUiOjMwMDAwMDAwMDAwMH0sInNjaGVtYV92ZXJzaW9uIjoiMSJ9",
          "dependencies": [
            "data.yandex_compute_image.my-ubuntu-2004-1",
            "yandex_vpc_network.my-nw-1",
            "yandex_vpc_subnet.my-sn-1"
          ]
        }
      ]
    },
    {
      "mode": "managed",
      "type": "yandex_vpc_network",
      "name": "my-nw-1",
      "provider": "provider[\"registry.terraform.io/yandex-cloud/yandex\"]",
      "instances": [
        {
          "schema_version": 0,
          "attributes": {
            "created_at": "2024-03-25T11:32:48Z",
            "default_security_group_id": "enp2jf7f42tkhum23472",
            "description": "",
            "folder_id": "b1gll2nhfrs5p692nmiq",
            "id": "enps4p1h3f7nf12bi4al",
            "labels": {},
            "name": "my-nw-1",
            "subnet_ids": [],
            "timeouts": null
          },
          "sensitive_attributes": [],
          "private": "eyJlMmJmYjczMC1lY2FhLTExZTYtOGY4OC0zNDM2M2JjN2M0YzAiOnsiY3JlYXRlIjo2MDAwMDAwMDAwMCwiZGVsZXRlIjo2MDAwMDAwMDAwMCwidXBkYXRlIjo2MDAwMDAwMDAwMH19"
        }
      ]
    },
    {
      "mode": "managed",
      "type": "yandex_vpc_subnet",
      "name": "my-sn-1",
      "provider": "provider[\"registry.terraform.io/yandex-cloud/yandex\"]",
      "instances": [
        {
          "schema_version": 0,
          "attributes": {
            "created_at": "2024-03-25T11:32:51Z",
            "description": "",
            "dhcp_options": [],
            "folder_id": "b1gll2nhfrs5p692nmiq",
            "id": "e9bqr8mmfpg9bunj7i95",
            "labels": {},
            "name": "",
            "network_id": "enps4p1h3f7nf12bi4al",
            "route_table_id": "",
            "timeouts": null,
            "v4_cidr_blocks": [
              "192.168.10.0/24"
            ],
            "v6_cidr_blocks": [],
            "zone": "ru-central1-a"
          },
          "sensitive_attributes": [],
          "private": "eyJlMmJmYjczMC1lY2FhLTExZTYtOGY4OC0zNDM2M2JjN2M0YzAiOnsiY3JlYXRlIjoxODAwMDAwMDAwMDAsImRlbGV0ZSI6MTgwMDAwMDAwMDAwLCJ1cGRhdGUiOjE4MDAwMDAwMDAwMH19",
          "dependencies": [
            "yandex_vpc_network.my-nw-1"
          ]
        }
      ]
    }
  ],
  "check_results": null
}
